
Microsoft Visual Studio Solution File, Format Version 12.00
# Visual Studio Version 16
VisualStudioVersion = 16.0.32106.194
MinimumVisualStudioVersion = 10.0.40219.1
Project("{8BC9CEB8-8B4A-11D0-8D11-00A0C91BC942}") = "Game_Projekt", "Game_Projekt\Game_Projekt.vcxproj", "{7CDC60E4-7F70-47E0-B3A5-3CF99C212A82}"
EndProject
Global
	GlobalSection(SolutionConfigurationPlatforms) = preSolution
		Debug|x64 = Debug|x64
		Debug|x86 = Debug|x86
		Release|x64 = Release|x64
		Release|x86 = Release|x86
	EndGlobalSection
	GlobalSection(ProjectConfigurationPlatforms) = postSolution
		{7CDC60E4-7F70-47E0-B3A5-3CF99C212A82}.Debug|x64.ActiveCfg = Debug|x64
		{7CDC60E4-7F70-47E0-B3A5-3CF99C212A82}.Debug|x64.Build.0 = Debug|x64
		{7CDC60E4-7F70-47E0-B3A5-3CF99C212A82}.Debug|x86.ActiveCfg = Debug|Win32
		{7CDC60E4-7F70-47E0-B3A5-3CF99C212A82}.Debug|x86.Build.0 = Debug|Win32
		{7CDC60E4-7F70-47E0-B3A5-3CF99C212A82}.Release|x64.ActiveCfg = Release|x64
		{7CDC60E4-7F70-47E0-B3A5-3CF99C212A82}.Release|x64.Build.0 = Release|x64
		{7CDC60E4-7F70-47E0-B3A5-3CF99C212A82}.Release|x86.ActiveCfg = Release|Win32
		{7CDC60E4-7F70-47E0-B3A5-3CF99C212A82}.Release|x86.Build.0 = Release|Win32
	EndGlobalSection
	GlobalSection(SolutionProperties) = preSolution
		HideSolutionNode = FALSE
	EndGlobalSection
	GlobalSection(ExtensibilityGlobals) = postSolution
		SolutionGuid = {232A6633-3F2B-4D53-B6C6-BF944705A83F}
	EndGlobalSection
EndGlobal
